
Microsoft Visual Studio Solution File, Format Version 12.00
# Visual Studio Version 16
VisualStudioVersion = 16.0.29318.209
MinimumVisualStudioVersion = 10.0.40219.1
Project("{9A19103F-16F7-4668-BE54-9A1E7A4F7556}") = "WarmPack", "WarmPack\WarmPack.csproj", "{966391C7-2E0C-4CF7-B68A-0E93F3108AF0}"
EndProject
Project("{9A19103F-16F7-4668-BE54-9A1E7A4F7556}") = "WarmPack.Database", "WarmPack.Database\WarmPack.Database.csproj", "{5D23A3DC-D413-4B34-AE7C-25F89DF88C28}"
EndProject
Project("{FAE04EC0-301F-11D3-BF4B-00C04F79EFBC}") = "WarmPack.Test", "WarmPack.Test\WarmPack.Test.csproj", "{86961A68-5E2B-44D9-BB57-06C7AC47EB9C}"
EndProject
Project("{9A19103F-16F7-4668-BE54-9A1E7A4F7556}") = "WarmPack.Core.Windows", "WarmPack.Core.Windows\WarmPack.Core.Windows.csproj", "{ADDE6604-B1D8-4353-94E0-1DDE7F06B140}"
EndProject
Project("{FAE04EC0-301F-11D3-BF4B-00C04F79EFBC}") = "WarmPack.Windows.NET35", "WarmPack.Windows.NET35\WarmPack.Windows.NET35.csproj", "{647BC9CC-E495-45A1-8589-1786D3FF4AA3}"
EndProject
Project("{FAE04EC0-301F-11D3-BF4B-00C04F79EFBC}") = "WarmPack.Windows", "WarmPack.Windows\WarmPack.Windows.csproj", "{B46AF590-2927-453D-991C-9BF79DD90D57}"
EndProject
Global
	GlobalSection(SolutionConfigurationPlatforms) = preSolution
		Debug|Any CPU = Debug|Any CPU
		Release|Any CPU = Release|Any CPU
	EndGlobalSection
	GlobalSection(ProjectConfigurationPlatforms) = postSolution
		{966391C7-2E0C-4CF7-B68A-0E93F3108AF0}.Debug|Any CPU.ActiveCfg = Debug|Any CPU
		{966391C7-2E0C-4CF7-B68A-0E93F3108AF0}.Debug|Any CPU.Build.0 = Debug|Any CPU
		{966391C7-2E0C-4CF7-B68A-0E93F3108AF0}.Release|Any CPU.ActiveCfg = Release|Any CPU
		{966391C7-2E0C-4CF7-B68A-0E93F3108AF0}.Release|Any CPU.Build.0 = Release|Any CPU
		{5D23A3DC-D413-4B34-AE7C-25F89DF88C28}.Debug|Any CPU.ActiveCfg = Debug|Any CPU
		{5D23A3DC-D413-4B34-AE7C-25F89DF88C28}.Debug|Any CPU.Build.0 = Debug|Any CPU
		{5D23A3DC-D413-4B34-AE7C-25F89DF88C28}.Release|Any CPU.ActiveCfg = Release|Any CPU
		{5D23A3DC-D413-4B34-AE7C-25F89DF88C28}.Release|Any CPU.Build.0 = Release|Any CPU
		{86961A68-5E2B-44D9-BB57-06C7AC47EB9C}.Debug|Any CPU.ActiveCfg = Debug|Any CPU
		{86961A68-5E2B-44D9-BB57-06C7AC47EB9C}.Debug|Any CPU.Build.0 = Debug|Any CPU
		{86961A68-5E2B-44D9-BB57-06C7AC47EB9C}.Release|Any CPU.ActiveCfg = Release|Any CPU
		{86961A68-5E2B-44D9-BB57-06C7AC47EB9C}.Release|Any CPU.Build.0 = Release|Any CPU
		{ADDE6604-B1D8-4353-94E0-1DDE7F06B140}.Debug|Any CPU.ActiveCfg = Debug|Any CPU
		{ADDE6604-B1D8-4353-94E0-1DDE7F06B140}.Debug|Any CPU.Build.0 = Debug|Any CPU
		{ADDE6604-B1D8-4353-94E0-1DDE7F06B140}.Release|Any CPU.ActiveCfg = Release|Any CPU
		{ADDE6604-B1D8-4353-94E0-1DDE7F06B140}.Release|Any CPU.Build.0 = Release|Any CPU
		{647BC9CC-E495-45A1-8589-1786D3FF4AA3}.Debug|Any CPU.ActiveCfg = Debug|Any CPU
		{647BC9CC-E495-45A1-8589-1786D3FF4AA3}.Debug|Any CPU.Build.0 = Debug|Any CPU
		{647BC9CC-E495-45A1-8589-1786D3FF4AA3}.Release|Any CPU.ActiveCfg = Release|Any CPU
		{647BC9CC-E495-45A1-8589-1786D3FF4AA3}.Release|Any CPU.Build.0 = Release|Any CPU
		{B46AF590-2927-453D-991C-9BF79DD90D57}.Debug|Any CPU.ActiveCfg = Debug|Any CPU
		{B46AF590-2927-453D-991C-9BF79DD90D57}.Debug|Any CPU.Build.0 = Debug|Any CPU
		{B46AF590-2927-453D-991C-9BF79DD90D57}.Release|Any CPU.ActiveCfg = Release|Any CPU
		{B46AF590-2927-453D-991C-9BF79DD90D57}.Release|Any CPU.Build.0 = Release|Any CPU
	EndGlobalSection
	GlobalSection(SolutionProperties) = preSolution
		HideSolutionNode = FALSE
	EndGlobalSection
	GlobalSection(ExtensibilityGlobals) = postSolution
		SolutionGuid = {B4C46AEE-53B6-40C6-A8C4-AA334E40A772}
	EndGlobalSection
EndGlobal
