
Microsoft Visual Studio Solution File, Format Version 12.00
# Visual Studio 15
VisualStudioVersion = 15.0.28307.645
MinimumVisualStudioVersion = 10.0.40219.1
Project("{FAE04EC0-301F-11D3-BF4B-00C04F79EFBC}") = "WarmPack", "WarmPack\WarmPack.csproj", "{8456F15A-AAE1-4B7C-BB95-0835754EA3B3}"
EndProject
Project("{FAE04EC0-301F-11D3-BF4B-00C04F79EFBC}") = "WarmPack.Database", "WarmPack.Database\WarmPack.Database.csproj", "{78266C1D-FAA1-4A55-B885-E98F8481FF16}"
EndProject
Project("{FAE04EC0-301F-11D3-BF4B-00C04F79EFBC}") = "WarmPack.Windows", "WarmPack.Windows\WarmPack.Windows.csproj", "{0B60E80E-5115-4100-B7A2-62FB31FE6592}"
EndProject
Global
	GlobalSection(SolutionConfigurationPlatforms) = preSolution
		Debug|Any CPU = Debug|Any CPU
		Release|Any CPU = Release|Any CPU
	EndGlobalSection
	GlobalSection(ProjectConfigurationPlatforms) = postSolution
		{8456F15A-AAE1-4B7C-BB95-0835754EA3B3}.Debug|Any CPU.ActiveCfg = Debug|Any CPU
		{8456F15A-AAE1-4B7C-BB95-0835754EA3B3}.Debug|Any CPU.Build.0 = Debug|Any CPU
		{8456F15A-AAE1-4B7C-BB95-0835754EA3B3}.Release|Any CPU.ActiveCfg = Release|Any CPU
		{8456F15A-AAE1-4B7C-BB95-0835754EA3B3}.Release|Any CPU.Build.0 = Release|Any CPU
		{78266C1D-FAA1-4A55-B885-E98F8481FF16}.Debug|Any CPU.ActiveCfg = Debug|Any CPU
		{78266C1D-FAA1-4A55-B885-E98F8481FF16}.Debug|Any CPU.Build.0 = Debug|Any CPU
		{78266C1D-FAA1-4A55-B885-E98F8481FF16}.Release|Any CPU.ActiveCfg = Release|Any CPU
		{78266C1D-FAA1-4A55-B885-E98F8481FF16}.Release|Any CPU.Build.0 = Release|Any CPU
		{0B60E80E-5115-4100-B7A2-62FB31FE6592}.Debug|Any CPU.ActiveCfg = Debug|Any CPU
		{0B60E80E-5115-4100-B7A2-62FB31FE6592}.Debug|Any CPU.Build.0 = Debug|Any CPU
		{0B60E80E-5115-4100-B7A2-62FB31FE6592}.Release|Any CPU.ActiveCfg = Release|Any CPU
		{0B60E80E-5115-4100-B7A2-62FB31FE6592}.Release|Any CPU.Build.0 = Release|Any CPU
	EndGlobalSection
	GlobalSection(SolutionProperties) = preSolution
		HideSolutionNode = FALSE
	EndGlobalSection
	GlobalSection(ExtensibilityGlobals) = postSolution
		SolutionGuid = {21B99C31-0B7A-41CE-A645-211F09E34B92}
	EndGlobalSection
EndGlobal
