
Microsoft Visual Studio Solution File, Format Version 12.00
# Visual Studio 15
VisualStudioVersion = 15.0.28307.1022
MinimumVisualStudioVersion = 10.0.40219.1
Project("{FAE04EC0-301F-11D3-BF4B-00C04F79EFBC}") = "WarmPack.Core", "WarmPack.Core\WarmPack.Core.csproj", "{6806B6A6-D1EA-4955-9A95-3A2649D1B982}"
EndProject
Project("{FAE04EC0-301F-11D3-BF4B-00C04F79EFBC}") = "WarmPack.Database", "WarmPack.Database\WarmPack.Database.csproj", "{3B34A184-ED1E-4A37-9778-75AB5013CBF5}"
EndProject
Project("{FAE04EC0-301F-11D3-BF4B-00C04F79EFBC}") = "WarmPack.Core.Windows", "WarmPack.Core.Windows\WarmPack.Core.Windows.csproj", "{BA891AB2-7389-49CA-A7B0-6D539CB8A2A2}"
EndProject
Project("{FAE04EC0-301F-11D3-BF4B-00C04F79EFBC}") = "WarmPack.Windows", "WarmPack.Windows\WarmPack.Windows.csproj", "{983A358E-9DD0-4E70-8659-98AD74F6267C}"
EndProject
Project("{FAE04EC0-301F-11D3-BF4B-00C04F79EFBC}") = "WarmPack.Test", "..\..\WarmPack.Test\WarmPack.Test.csproj", "{2B574DB4-7D57-4AC4-8DC4-3BADB2D26CA9}"
EndProject
Project("{FAE04EC0-301F-11D3-BF4B-00C04F79EFBC}") = "WarmPack.Web", "WarmPack.Web\WarmPack.Web.csproj", "{8B2EF856-9662-4980-8546-C9D8206CD287}"
EndProject
Project("{FAE04EC0-301F-11D3-BF4B-00C04F79EFBC}") = "WarmPack.Web.Nancy", "WarmPack.Web.Nancy\WarmPack.Web.Nancy.csproj", "{ACBF5042-7C71-4C26-A9AB-C6B324B3CA7B}"
EndProject
Project("{FAE04EC0-301F-11D3-BF4B-00C04F79EFBC}") = "WarmPack35.Core", "WarmPack35.Core\WarmPack35.Core.csproj", "{8F38C3CE-E869-4D5A-8967-239F2E60177C}"
EndProject
Project("{FAE04EC0-301F-11D3-BF4B-00C04F79EFBC}") = "WarmPack35.Database", "WarmPack35.Database\WarmPack35.Database.csproj", "{935D898A-2A69-4A82-A503-8023558820F5}"
EndProject
Project("{FAE04EC0-301F-11D3-BF4B-00C04F79EFBC}") = "WarmPack.Magic", "WarmPack.Magic\WarmPack.Magic.csproj", "{39C4BB78-18FE-4B03-B576-7A94F861F546}"
EndProject
Project("{FAE04EC0-301F-11D3-BF4B-00C04F79EFBC}") = "WarmPack.Database.Extended", "WarmPack.Database.Extended\WarmPack.Database.Extended.csproj", "{426E8681-AC90-4DF7-B4B9-BB2054A2A853}"
EndProject
Global
	GlobalSection(SolutionConfigurationPlatforms) = preSolution
		Debug|Any CPU = Debug|Any CPU
		Release|Any CPU = Release|Any CPU
	EndGlobalSection
	GlobalSection(ProjectConfigurationPlatforms) = postSolution
		{6806B6A6-D1EA-4955-9A95-3A2649D1B982}.Debug|Any CPU.ActiveCfg = Debug|Any CPU
		{6806B6A6-D1EA-4955-9A95-3A2649D1B982}.Debug|Any CPU.Build.0 = Debug|Any CPU
		{6806B6A6-D1EA-4955-9A95-3A2649D1B982}.Release|Any CPU.ActiveCfg = Release|Any CPU
		{6806B6A6-D1EA-4955-9A95-3A2649D1B982}.Release|Any CPU.Build.0 = Release|Any CPU
		{3B34A184-ED1E-4A37-9778-75AB5013CBF5}.Debug|Any CPU.ActiveCfg = Debug|Any CPU
		{3B34A184-ED1E-4A37-9778-75AB5013CBF5}.Debug|Any CPU.Build.0 = Debug|Any CPU
		{3B34A184-ED1E-4A37-9778-75AB5013CBF5}.Release|Any CPU.ActiveCfg = Release|Any CPU
		{3B34A184-ED1E-4A37-9778-75AB5013CBF5}.Release|Any CPU.Build.0 = Release|Any CPU
		{BA891AB2-7389-49CA-A7B0-6D539CB8A2A2}.Debug|Any CPU.ActiveCfg = Debug|Any CPU
		{BA891AB2-7389-49CA-A7B0-6D539CB8A2A2}.Debug|Any CPU.Build.0 = Debug|Any CPU
		{BA891AB2-7389-49CA-A7B0-6D539CB8A2A2}.Release|Any CPU.ActiveCfg = Release|Any CPU
		{BA891AB2-7389-49CA-A7B0-6D539CB8A2A2}.Release|Any CPU.Build.0 = Release|Any CPU
		{983A358E-9DD0-4E70-8659-98AD74F6267C}.Debug|Any CPU.ActiveCfg = Debug|Any CPU
		{983A358E-9DD0-4E70-8659-98AD74F6267C}.Debug|Any CPU.Build.0 = Debug|Any CPU
		{983A358E-9DD0-4E70-8659-98AD74F6267C}.Release|Any CPU.ActiveCfg = Release|Any CPU
		{983A358E-9DD0-4E70-8659-98AD74F6267C}.Release|Any CPU.Build.0 = Release|Any CPU
		{2B574DB4-7D57-4AC4-8DC4-3BADB2D26CA9}.Debug|Any CPU.ActiveCfg = Debug|Any CPU
		{2B574DB4-7D57-4AC4-8DC4-3BADB2D26CA9}.Debug|Any CPU.Build.0 = Debug|Any CPU
		{2B574DB4-7D57-4AC4-8DC4-3BADB2D26CA9}.Release|Any CPU.ActiveCfg = Release|Any CPU
		{2B574DB4-7D57-4AC4-8DC4-3BADB2D26CA9}.Release|Any CPU.Build.0 = Release|Any CPU
		{8B2EF856-9662-4980-8546-C9D8206CD287}.Debug|Any CPU.ActiveCfg = Debug|Any CPU
		{8B2EF856-9662-4980-8546-C9D8206CD287}.Debug|Any CPU.Build.0 = Debug|Any CPU
		{8B2EF856-9662-4980-8546-C9D8206CD287}.Release|Any CPU.ActiveCfg = Release|Any CPU
		{8B2EF856-9662-4980-8546-C9D8206CD287}.Release|Any CPU.Build.0 = Release|Any CPU
		{ACBF5042-7C71-4C26-A9AB-C6B324B3CA7B}.Debug|Any CPU.ActiveCfg = Debug|Any CPU
		{ACBF5042-7C71-4C26-A9AB-C6B324B3CA7B}.Debug|Any CPU.Build.0 = Debug|Any CPU
		{ACBF5042-7C71-4C26-A9AB-C6B324B3CA7B}.Release|Any CPU.ActiveCfg = Release|Any CPU
		{ACBF5042-7C71-4C26-A9AB-C6B324B3CA7B}.Release|Any CPU.Build.0 = Release|Any CPU
		{8F38C3CE-E869-4D5A-8967-239F2E60177C}.Debug|Any CPU.ActiveCfg = Debug|Any CPU
		{8F38C3CE-E869-4D5A-8967-239F2E60177C}.Debug|Any CPU.Build.0 = Debug|Any CPU
		{8F38C3CE-E869-4D5A-8967-239F2E60177C}.Release|Any CPU.ActiveCfg = Release|Any CPU
		{8F38C3CE-E869-4D5A-8967-239F2E60177C}.Release|Any CPU.Build.0 = Release|Any CPU
		{935D898A-2A69-4A82-A503-8023558820F5}.Debug|Any CPU.ActiveCfg = Debug|Any CPU
		{935D898A-2A69-4A82-A503-8023558820F5}.Debug|Any CPU.Build.0 = Debug|Any CPU
		{935D898A-2A69-4A82-A503-8023558820F5}.Release|Any CPU.ActiveCfg = Release|Any CPU
		{935D898A-2A69-4A82-A503-8023558820F5}.Release|Any CPU.Build.0 = Release|Any CPU
		{39C4BB78-18FE-4B03-B576-7A94F861F546}.Debug|Any CPU.ActiveCfg = Debug|Any CPU
		{39C4BB78-18FE-4B03-B576-7A94F861F546}.Debug|Any CPU.Build.0 = Debug|Any CPU
		{39C4BB78-18FE-4B03-B576-7A94F861F546}.Release|Any CPU.ActiveCfg = Release|Any CPU
		{39C4BB78-18FE-4B03-B576-7A94F861F546}.Release|Any CPU.Build.0 = Release|Any CPU
		{426E8681-AC90-4DF7-B4B9-BB2054A2A853}.Debug|Any CPU.ActiveCfg = Debug|Any CPU
		{426E8681-AC90-4DF7-B4B9-BB2054A2A853}.Debug|Any CPU.Build.0 = Debug|Any CPU
		{426E8681-AC90-4DF7-B4B9-BB2054A2A853}.Release|Any CPU.ActiveCfg = Release|Any CPU
		{426E8681-AC90-4DF7-B4B9-BB2054A2A853}.Release|Any CPU.Build.0 = Release|Any CPU
	EndGlobalSection
	GlobalSection(SolutionProperties) = preSolution
		HideSolutionNode = FALSE
	EndGlobalSection
	GlobalSection(ExtensibilityGlobals) = postSolution
		SolutionGuid = {B4C46AEE-53B6-40C6-A8C4-AA334E40A772}
	EndGlobalSection
EndGlobal
